<?xml version="1.0" encoding="utf-8"?>
<Project ToolsVersion="4.0" xmlns="http://schemas.microsoft.com/developer/msbuild/2003">
  <ItemGroup>
    <Filter Include="소스 파일">
      <UniqueIdentifier>{4FC737F1-C7A5-4376-A066-2A32D752A2FF}</UniqueIdentifier>
      <Extensions>cpp;c;cc;cxx;def;odl;idl;hpj;bat;asm;asmx</Extensions>
    </Filter>
    <Filter Include="헤더 파일">
      <UniqueIdentifier>{93995380-89BD-4b04-88EB-625FBE52EBFB}</UniqueIdentifier>
      <Extensions>h;hh;hpp;hxx;hm;inl;inc;xsd</Extensions>
    </Filter>
    <Filter Include="리소스 파일">
      <UniqueIdentifier>{67DA6AB6-F800-4c08-8B7A-83BB121AAD01}</UniqueIdentifier>
      <Extensions>rc;ico;cur;bmp;dlg;rc2;rct;bin;rgs;gif;jpg;jpeg;jpe;resx;tiff;tif;png;wav;mfcribbon-ms</Extensions>
    </Filter>
  </ItemGroup>
  <ItemGroup>
    <ClCompile Include="회로설계하기.cpp">
      <Filter>소스 파일</Filter>
    </ClCompile>
    <ClCompile Include="토마토1.cpp">
      <Filter>소스 파일</Filter>
    </ClCompile>
    <ClCompile Include="탈주범.cpp">
      <Filter>소스 파일</Filter>
    </ClCompile>
    <ClCompile Include="진흙웅덩이.cpp">
      <Filter>소스 파일</Filter>
    </ClCompile>
    <ClCompile Include="레이저폰.cpp">
      <Filter>소스 파일</Filter>
    </ClCompile>
    <ClCompile Include="다익스트라.cpp">
      <Filter>소스 파일</Filter>
    </ClCompile>
    <ClCompile Include="지도.cpp">
      <Filter>소스 파일</Filter>
    </ClCompile>
    <ClCompile Include="지도2.cpp">
      <Filter>소스 파일</Filter>
    </ClCompile>
    <ClCompile Include="자동차경주대회2.cpp">
      <Filter>소스 파일</Filter>
    </ClCompile>
    <ClCompile Include="산신령.cpp">
      <Filter>소스 파일</Filter>
    </ClCompile>
    <ClCompile Include="자료구조연습.cpp">
      <Filter>소스 파일</Filter>
    </ClCompile>
    <ClCompile Include="스택.cpp">
      <Filter>소스 파일</Filter>
    </ClCompile>
    <ClCompile Include="스키장가기.cpp">
      <Filter>소스 파일</Filter>
    </ClCompile>
    <ClCompile Include="회로배치.cpp">
      <Filter>소스 파일</Filter>
    </ClCompile>
    <ClCompile Include="선택정렬.cpp">
      <Filter>소스 파일</Filter>
    </ClCompile>
    <ClCompile Include="삽입정렬.cpp">
      <Filter>소스 파일</Filter>
    </ClCompile>
    <ClCompile Include="버블정렬.cpp">
      <Filter>소스 파일</Filter>
    </ClCompile>
    <ClCompile Include="최대의감나무.cpp">
      <Filter>소스 파일</Filter>
    </ClCompile>
    <ClCompile Include="세번째로가장큰값.cpp">
      <Filter>소스 파일</Filter>
    </ClCompile>
    <ClCompile Include="이진트리.cpp">
      <Filter>소스 파일</Filter>
    </ClCompile>
    <ClCompile Include="이진탐색트리.cpp">
      <Filter>소스 파일</Filter>
    </ClCompile>
    <ClCompile Include="트리순회.cpp">
      <Filter>소스 파일</Filter>
    </ClCompile>
    <ClCompile Include="작거나크거나.cpp">
      <Filter>소스 파일</Filter>
    </ClCompile>
    <ClCompile Include="침몰하는배일호.cpp">
      <Filter>소스 파일</Filter>
    </ClCompile>
    <ClCompile Include="방향그래프.cpp">
      <Filter>소스 파일</Filter>
    </ClCompile>
    <ClCompile Include="소수판별.cpp">
      <Filter>소스 파일</Filter>
    </ClCompile>
    <ClCompile Include="플로이드.cpp">
      <Filter>소스 파일</Filter>
    </ClCompile>
    <ClCompile Include="최대연속구간합.c">
      <Filter>소스 파일</Filter>
    </ClCompile>
    <ClCompile Include="퀵정렬.c">
      <Filter>소스 파일</Filter>
    </ClCompile>
    <ClCompile Include="퀵소트수정.cpp">
      <Filter>소스 파일</Filter>
    </ClCompile>
    <ClCompile Include="퀵소트_알고리즘숙제.c">
      <Filter>소스 파일</Filter>
    </ClCompile>
    <ClCompile Include="squarestone.c">
      <Filter>소스 파일</Filter>
    </ClCompile>
    <ClCompile Include="점심식사배식.c">
      <Filter>소스 파일</Filter>
    </ClCompile>
    <ClCompile Include="침몰하는배.cpp">
      <Filter>소스 파일</Filter>
    </ClCompile>
    <ClCompile Include="아이스크림배분.c">
      <Filter>소스 파일</Filter>
    </ClCompile>
    <ClCompile Include="숫자고르기.c">
      <Filter>소스 파일</Filter>
    </ClCompile>
    <ClCompile Include="학생선발.c">
      <Filter>소스 파일</Filter>
    </ClCompile>
    <ClCompile Include="지그재그숫자.c">
      <Filter>소스 파일</Filter>
    </ClCompile>
    <ClCompile Include="수의덧셈조합.c">
      <Filter>소스 파일</Filter>
    </ClCompile>
    <ClCompile Include="수의덧셈조합2.cpp">
      <Filter>소스 파일</Filter>
    </ClCompile>
    <ClCompile Include="일곱난쟁이.c">
      <Filter>소스 파일</Filter>
    </ClCompile>
    <ClCompile Include="부분집합의합.c">
      <Filter>소스 파일</Filter>
    </ClCompile>
    <ClCompile Include="1을향해서.cpp">
      <Filter>소스 파일</Filter>
    </ClCompile>
    <ClCompile Include="100나머지.cpp">
      <Filter>소스 파일</Filter>
    </ClCompile>
    <ClCompile Include="Battlecity.cpp">
      <Filter>소스 파일</Filter>
    </ClCompile>
    <ClCompile Include="Battlecity2.cpp">
      <Filter>소스 파일</Filter>
    </ClCompile>
    <ClCompile Include="CCTV.cpp">
      <Filter>소스 파일</Filter>
    </ClCompile>
    <ClCompile Include="gcd합.cpp">
      <Filter>소스 파일</Filter>
    </ClCompile>
    <ClCompile Include="knight의이동.cpp">
      <Filter>소스 파일</Filter>
    </ClCompile>
    <ClCompile Include="n까지의총합.cpp">
      <Filter>소스 파일</Filter>
    </ClCompile>
    <ClCompile Include="n까지총합.cpp">
      <Filter>소스 파일</Filter>
    </ClCompile>
    <ClCompile Include="n번째소수구하기.cpp">
      <Filter>소스 파일</Filter>
    </ClCompile>
    <ClCompile Include="SpaceShip.cpp">
      <Filter>소스 파일</Filter>
    </ClCompile>
    <ClCompile Include="SpaceShip1.cpp">
      <Filter>소스 파일</Filter>
    </ClCompile>
    <ClCompile Include="squarestone.cpp">
      <Filter>소스 파일</Filter>
    </ClCompile>
    <ClCompile Include="SW특이한자석.cpp">
      <Filter>소스 파일</Filter>
    </ClCompile>
    <ClCompile Include="Tiling.cpp">
      <Filter>소스 파일</Filter>
    </ClCompile>
    <ClCompile Include="같은원소묶음찾아내기.cpp">
      <Filter>소스 파일</Filter>
    </ClCompile>
    <ClCompile Include="계단수.cpp">
      <Filter>소스 파일</Filter>
    </ClCompile>
    <ClCompile Include="계단오르기.cpp">
      <Filter>소스 파일</Filter>
    </ClCompile>
    <ClCompile Include="고소공포증.cpp">
      <Filter>소스 파일</Filter>
    </ClCompile>
    <ClCompile Include="균등분할.cpp">
      <Filter>소스 파일</Filter>
    </ClCompile>
    <ClCompile Include="그후의이야기.cpp">
      <Filter>소스 파일</Filter>
    </ClCompile>
    <ClCompile Include="극장좌석.cpp">
      <Filter>소스 파일</Filter>
    </ClCompile>
    <ClCompile Include="극장좌석1.cpp">
      <Filter>소스 파일</Filter>
    </ClCompile>
    <ClCompile Include="금화를포함한파이.cpp">
      <Filter>소스 파일</Filter>
    </ClCompile>
    <ClCompile Include="꽃축제.cpp">
      <Filter>소스 파일</Filter>
    </ClCompile>
    <ClCompile Include="나선형미로.cpp">
      <Filter>소스 파일</Filter>
    </ClCompile>
    <ClCompile Include="나선형미로1.cpp">
      <Filter>소스 파일</Filter>
    </ClCompile>
    <ClCompile Include="너비우선탐색.cpp">
      <Filter>소스 파일</Filter>
    </ClCompile>
    <ClCompile Include="다익스트라 (2).cpp">
      <Filter>소스 파일</Filter>
    </ClCompile>
    <ClCompile Include="단지번호붙이기.cpp">
      <Filter>소스 파일</Filter>
    </ClCompile>
    <ClCompile Include="달팽이.cpp">
      <Filter>소스 파일</Filter>
    </ClCompile>
    <ClCompile Include="달팽이테이블.cpp">
      <Filter>소스 파일</Filter>
    </ClCompile>
    <ClCompile Include="대푯값1.cpp">
      <Filter>소스 파일</Filter>
    </ClCompile>
    <ClCompile Include="대푯값2.cpp">
      <Filter>소스 파일</Filter>
    </ClCompile>
    <ClCompile Include="더하기.cpp">
      <Filter>소스 파일</Filter>
    </ClCompile>
    <ClCompile Include="레이저폰 (2).cpp">
      <Filter>소스 파일</Filter>
    </ClCompile>
    <ClCompile Include="로봇운행.cpp">
      <Filter>소스 파일</Filter>
    </ClCompile>
    <ClCompile Include="마법신발.cpp">
      <Filter>소스 파일</Filter>
    </ClCompile>
    <ClCompile Include="마법신발1.cpp">
      <Filter>소스 파일</Filter>
    </ClCompile>
    <ClCompile Include="마법의성.cpp">
      <Filter>소스 파일</Filter>
    </ClCompile>
    <ClCompile Include="마법의성2.cpp">
      <Filter>소스 파일</Filter>
    </ClCompile>
    <ClCompile Include="모양회전하기.cpp">
      <Filter>소스 파일</Filter>
    </ClCompile>
    <ClCompile Include="무방향그래프.cpp">
      <Filter>소스 파일</Filter>
    </ClCompile>
    <ClCompile Include="뮐러행성3.cpp">
      <Filter>소스 파일</Filter>
    </ClCompile>
    <ClCompile Include="바이러스.cpp">
      <Filter>소스 파일</Filter>
    </ClCompile>
    <ClCompile Include="바이러스1.cpp">
      <Filter>소스 파일</Filter>
    </ClCompile>
    <ClCompile Include="배고픈시민들.cpp">
      <Filter>소스 파일</Filter>
    </ClCompile>
    <ClCompile Include="백설공주와난장이.cpp">
      <Filter>소스 파일</Filter>
    </ClCompile>
    <ClCompile Include="보물섬.cpp">
      <Filter>소스 파일</Filter>
    </ClCompile>
    <ClCompile Include="빠징고.cpp">
      <Filter>소스 파일</Filter>
    </ClCompile>
    <ClCompile Include="삼각형의수.cpp">
      <Filter>소스 파일</Filter>
    </ClCompile>
    <ClCompile Include="삽입정렬 (2).cpp">
      <Filter>소스 파일</Filter>
    </ClCompile>
    <ClCompile Include="상자넣기.cpp">
      <Filter>소스 파일</Filter>
    </ClCompile>
    <ClCompile Include="상자쌓기.cpp">
      <Filter>소스 파일</Filter>
    </ClCompile>
    <ClCompile Include="색종이만들기.cpp">
      <Filter>소스 파일</Filter>
    </ClCompile>
    <ClCompile Include="색종이올려놓기.cpp">
      <Filter>소스 파일</Filter>
    </ClCompile>
    <ClCompile Include="색종이올려놓기2.cpp">
      <Filter>소스 파일</Filter>
    </ClCompile>
    <ClCompile Include="색종이올려놓기3.cpp">
      <Filter>소스 파일</Filter>
    </ClCompile>
    <ClCompile Include="생일.cpp">
      <Filter>소스 파일</Filter>
    </ClCompile>
    <ClCompile Include="섬의침몰.cpp">
      <Filter>소스 파일</Filter>
    </ClCompile>
    <ClCompile Include="세포의수.cpp">
      <Filter>소스 파일</Filter>
    </ClCompile>
    <ClCompile Include="술래정하기.cpp">
      <Filter>소스 파일</Filter>
    </ClCompile>
    <ClCompile Include="술취한교도관.cpp">
      <Filter>소스 파일</Filter>
    </ClCompile>
    <ClCompile Include="스테이크.cpp">
      <Filter>소스 파일</Filter>
    </ClCompile>
    <ClCompile Include="식량.cpp">
      <Filter>소스 파일</Filter>
    </ClCompile>
    <ClCompile Include="식량1.cpp">
      <Filter>소스 파일</Filter>
    </ClCompile>
    <ClCompile Include="아이스크림배분.cpp">
      <Filter>소스 파일</Filter>
    </ClCompile>
    <ClCompile Include="야유회시간.cpp">
      <Filter>소스 파일</Filter>
    </ClCompile>
    <ClCompile Include="연못1.cpp">
      <Filter>소스 파일</Filter>
    </ClCompile>
    <ClCompile Include="영역구하기.cpp">
      <Filter>소스 파일</Filter>
    </ClCompile>
    <ClCompile Include="오르막수.cpp">
      <Filter>소스 파일</Filter>
    </ClCompile>
    <ClCompile Include="오염된잔디.cpp">
      <Filter>소스 파일</Filter>
    </ClCompile>
    <ClCompile Include="오일러와산신령.cpp">
      <Filter>소스 파일</Filter>
    </ClCompile>
    <ClCompile Include="오일러와산신령1.cpp">
      <Filter>소스 파일</Filter>
    </ClCompile>
    <ClCompile Include="요세푸스.cpp">
      <Filter>소스 파일</Filter>
    </ClCompile>
    <ClCompile Include="요세푸스1.cpp">
      <Filter>소스 파일</Filter>
    </ClCompile>
    <ClCompile Include="요세푸스의사촌.cpp">
      <Filter>소스 파일</Filter>
    </ClCompile>
    <ClCompile Include="용감한전사.cpp">
      <Filter>소스 파일</Filter>
    </ClCompile>
    <ClCompile Include="웅덩이.cpp">
      <Filter>소스 파일</Filter>
    </ClCompile>
    <ClCompile Include="원탁의기사.cpp">
      <Filter>소스 파일</Filter>
    </ClCompile>
    <ClCompile Include="원판돌리기.cpp">
      <Filter>소스 파일</Filter>
    </ClCompile>
    <ClCompile Include="원판돌리기2.cpp">
      <Filter>소스 파일</Filter>
    </ClCompile>
    <ClCompile Include="위성사진.cpp">
      <Filter>소스 파일</Filter>
    </ClCompile>
    <ClCompile Include="위성사진1.cpp">
      <Filter>소스 파일</Filter>
    </ClCompile>
    <ClCompile Include="유행.cpp">
      <Filter>소스 파일</Filter>
    </ClCompile>
    <ClCompile Include="이로.cpp">
      <Filter>소스 파일</Filter>
    </ClCompile>
    <ClCompile Include="이로의큐.cpp">
      <Filter>소스 파일</Filter>
    </ClCompile>
    <ClCompile Include="인플루엔자확산.cpp">
      <Filter>소스 파일</Filter>
    </ClCompile>
    <ClCompile Include="일호 최댓값.cpp">
      <Filter>소스 파일</Filter>
    </ClCompile>
    <ClCompile Include="자동차경주대회 (2).cpp">
      <Filter>소스 파일</Filter>
    </ClCompile>
    <ClCompile Include="자동차경주대회.cpp">
      <Filter>소스 파일</Filter>
    </ClCompile>
    <ClCompile Include="자동차경주대회1.cpp">
      <Filter>소스 파일</Filter>
    </ClCompile>
    <ClCompile Include="장기판에서상의움직임.cpp">
      <Filter>소스 파일</Filter>
    </ClCompile>
    <ClCompile Include="전력위기.cpp">
      <Filter>소스 파일</Filter>
    </ClCompile>
    <ClCompile Include="점심시간배식.c">
      <Filter>소스 파일</Filter>
    </ClCompile>
    <ClCompile Include="접시쌓기.cpp">
      <Filter>소스 파일</Filter>
    </ClCompile>
    <ClCompile Include="정렬.cpp">
      <Filter>소스 파일</Filter>
    </ClCompile>
    <ClCompile Include="제국의기사.cpp">
      <Filter>소스 파일</Filter>
    </ClCompile>
    <ClCompile Include="지도 (2).cpp">
      <Filter>소스 파일</Filter>
    </ClCompile>
    <ClCompile Include="지뢰찾기.cpp">
      <Filter>소스 파일</Filter>
    </ClCompile>
    <ClCompile Include="지뢰찾기게임.cpp">
      <Filter>소스 파일</Filter>
    </ClCompile>
    <ClCompile Include="지하감옥.cpp">
      <Filter>소스 파일</Filter>
    </ClCompile>
    <ClCompile Include="진법변환.cpp">
      <Filter>소스 파일</Filter>
    </ClCompile>
    <ClCompile Include="집으로2.cpp">
      <Filter>소스 파일</Filter>
    </ClCompile>
    <ClCompile Include="집으로돌아가기.cpp">
      <Filter>소스 파일</Filter>
    </ClCompile>
    <ClCompile Include="청소로봇.cpp">
      <Filter>소스 파일</Filter>
    </ClCompile>
    <ClCompile Include="최대, 최소1.cpp">
      <Filter>소스 파일</Filter>
    </ClCompile>
    <ClCompile Include="최대부분증가수열.cpp">
      <Filter>소스 파일</Filter>
    </ClCompile>
    <ClCompile Include="최대최소.cpp">
      <Filter>소스 파일</Filter>
    </ClCompile>
    <ClCompile Include="최댓값 함수이용.cpp">
      <Filter>소스 파일</Filter>
    </ClCompile>
    <ClCompile Include="최댓값.cpp">
      <Filter>소스 파일</Filter>
    </ClCompile>
    <ClCompile Include="최댓값2.cpp">
      <Filter>소스 파일</Filter>
    </ClCompile>
    <ClCompile Include="최댓갓2.cpp">
      <Filter>소스 파일</Filter>
    </ClCompile>
    <ClCompile Include="치즈.cpp">
      <Filter>소스 파일</Filter>
    </ClCompile>
    <ClCompile Include="치즈2.cpp">
      <Filter>소스 파일</Filter>
    </ClCompile>
    <ClCompile Include="치즈3.cpp">
      <Filter>소스 파일</Filter>
    </ClCompile>
    <ClCompile Include="침몰하는배 (2).cpp">
      <Filter>소스 파일</Filter>
    </ClCompile>
    <ClCompile Include="캥거루.cpp">
      <Filter>소스 파일</Filter>
    </ClCompile>
    <ClCompile Include="콜라.cpp">
      <Filter>소스 파일</Filter>
    </ClCompile>
    <ClCompile Include="큐.cpp">
      <Filter>소스 파일</Filter>
    </ClCompile>
    <ClCompile Include="테두리길이.cpp">
      <Filter>소스 파일</Filter>
    </ClCompile>
    <ClCompile Include="텍스트페인트.cpp">
      <Filter>소스 파일</Filter>
    </ClCompile>
    <ClCompile Include="텍스트페인트1.cpp">
      <Filter>소스 파일</Filter>
    </ClCompile>
    <ClCompile Include="토마토1 (2).cpp">
      <Filter>소스 파일</Filter>
    </ClCompile>
    <ClCompile Include="토마토2.cpp">
      <Filter>소스 파일</Filter>
    </ClCompile>
    <ClCompile Include="파도반수열.cpp">
      <Filter>소스 파일</Filter>
    </ClCompile>
    <ClCompile Include="피보나치2.cpp">
      <Filter>소스 파일</Filter>
    </ClCompile>
    <ClCompile Include="피보나치수열.cpp">
      <Filter>소스 파일</Filter>
    </ClCompile>
    <ClCompile Include="합집합교집합.cpp">
      <Filter>소스 파일</Filter>
    </ClCompile>
    <ClCompile Include="행운의시민찾기.cpp">
      <Filter>소스 파일</Filter>
    </ClCompile>
    <ClCompile Include="홀수.cpp">
      <Filter>소스 파일</Filter>
    </ClCompile>
    <ClCompile Include="홀수와 짝수.cpp">
      <Filter>소스 파일</Filter>
    </ClCompile>
    <ClCompile Include="홀수짝수.cpp">
      <Filter>소스 파일</Filter>
    </ClCompile>
    <ClCompile Include="홍수.cpp">
      <Filter>소스 파일</Filter>
    </ClCompile>
    <ClCompile Include="홍수2.cpp">
      <Filter>소스 파일</Filter>
    </ClCompile>
    <ClCompile Include="화폐매수구하기.cpp">
      <Filter>소스 파일</Filter>
    </ClCompile>
    <ClCompile Include="회로배치 (2).cpp">
      <Filter>소스 파일</Filter>
    </ClCompile>
    <ClCompile Include="동전교환.c">
      <Filter>소스 파일</Filter>
    </ClCompile>
    <ClCompile Include="Quickchange.c">
      <Filter>소스 파일</Filter>
    </ClCompile>
    <ClCompile Include="강의실배정하기.c">
      <Filter>소스 파일</Filter>
    </ClCompile>
    <ClCompile Include="Best5.c">
      <Filter>소스 파일</Filter>
    </ClCompile>
    <ClCompile Include="sw정사각형방.c">
      <Filter>소스 파일</Filter>
    </ClCompile>
    <ClCompile Include="sw회의스케쥴링쿼리.c">
      <Filter>소스 파일</Filter>
    </ClCompile>
    <ClCompile Include="sw최소비용경로쿼리.c">
      <Filter>소스 파일</Filter>
    </ClCompile>
    <ClCompile Include="Kstage.c">
      <Filter>소스 파일</Filter>
    </ClCompile>
    <ClCompile Include="스티커.c">
      <Filter>소스 파일</Filter>
    </ClCompile>
    <ClCompile Include="sw회의스케쥴링쿼리2.cpp">
      <Filter>소스 파일</Filter>
    </ClCompile>
    <ClCompile Include="카레만들기.c">
      <Filter>소스 파일</Filter>
    </ClCompile>
    <ClCompile Include="대회결과예상하기2.cpp">
      <Filter>소스 파일</Filter>
    </ClCompile>
    <ClCompile Include="n개의쌍으로구성된괄호.c">
      <Filter>소스 파일</Filter>
    </ClCompile>
    <ClCompile Include="최적이진탐색트리.c">
      <Filter>소스 파일</Filter>
    </ClCompile>
    <ClCompile Include="최적이진탐색트리베타추가.c">
      <Filter>소스 파일</Filter>
    </ClCompile>
    <ClCompile Include="오르락내리락.c">
      <Filter>소스 파일</Filter>
    </ClCompile>
  </ItemGroup>
</Project>